// !$*UTF8*$!
{
	archiveVersion = 1;
	classes = {
	};
	objectVersion = 46;
	objects = {

/* Begin PBXBuildFile section */
		BE43EACA1A61C06F0056D29F /* InfoPaneController.swift in Sources */ = {isa = PBXBuildFile; fileRef = BE43EAC91A61C06F0056D29F /* InfoPaneController.swift */; };
		BE43EACD1A61C0810056D29F /* InfoPane.xib in Resources */ = {isa = PBXBuildFile; fileRef = BE43EACB1A61C0810056D29F /* InfoPane.xib */; };
		BE97AE6B1A6824010008DDCF /* MDPSplitView.framework in Frameworks */ = {isa = PBXBuildFile; fileRef = BE97AE6A1A6823EC0008DDCF /* MDPSplitView.framework */; };
		BE97AE6D1A6824190008DDCF /* MDPSplitView.framework in Copy Frameworks */ = {isa = PBXBuildFile; fileRef = BE97AE6A1A6823EC0008DDCF /* MDPSplitView.framework */; settings = {ATTRIBUTES = (CodeSignOnCopy, RemoveHeadersOnCopy, ); }; };
		BECF65421A013F1A00FB0844 /* AppDelegate.swift in Sources */ = {isa = PBXBuildFile; fileRef = BECF65411A013F1A00FB0844 /* AppDelegate.swift */; };
		BECF65441A013F1A00FB0844 /* Images.xcassets in Resources */ = {isa = PBXBuildFile; fileRef = BECF65431A013F1A00FB0844 /* Images.xcassets */; };
		BECF65471A013F1A00FB0844 /* MainMenu.xib in Resources */ = {isa = PBXBuildFile; fileRef = BECF65451A013F1A00FB0844 /* MainMenu.xib */; };
		BECF65651A016CCA00FB0844 /* MainWindow.xib in Resources */ = {isa = PBXBuildFile; fileRef = BECF65631A016CCA00FB0844 /* MainWindow.xib */; };
		BECF65671A016CD700FB0844 /* MainWindowController.swift in Sources */ = {isa = PBXBuildFile; fileRef = BECF65661A016CD700FB0844 /* MainWindowController.swift */; };
		BECF65691A016FDE00FB0844 /* SourceListController.swift in Sources */ = {isa = PBXBuildFile; fileRef = BECF65681A016FDE00FB0844 /* SourceListController.swift */; };
		BECF656C1A016FEA00FB0844 /* SourceList.xib in Resources */ = {isa = PBXBuildFile; fileRef = BECF656A1A016FEA00FB0844 /* SourceList.xib */; };
/* End PBXBuildFile section */

/* Begin PBXContainerItemProxy section */
		BE97AE691A6823EC0008DDCF /* PBXContainerItemProxy */ = {
			isa = PBXContainerItemProxy;
			containerPortal = BE97AE601A6823D40008DDCF /* MDPSplitView.xcodeproj */;
			proxyType = 2;
			remoteGlobalIDString = BEF8D8641A6821B9005B8FAA;
			remoteInfo = MDPSplitView;
		};
/* End PBXContainerItemProxy section */

/* Begin PBXCopyFilesBuildPhase section */
		BE97AE6C1A6824060008DDCF /* Copy Frameworks */ = {
			isa = PBXCopyFilesBuildPhase;
			buildActionMask = 2147483647;
			dstPath = "";
			dstSubfolderSpec = 10;
			files = (
				BE97AE6D1A6824190008DDCF /* MDPSplitView.framework in Copy Frameworks */,
			);
			name = "Copy Frameworks";
			runOnlyForDeploymentPostprocessing = 0;
		};
/* End PBXCopyFilesBuildPhase section */

/* Begin PBXFileReference section */
		BE43EAC91A61C06F0056D29F /* InfoPaneController.swift */ = {isa = PBXFileReference; fileEncoding = 4; lastKnownFileType = sourcecode.swift; path = InfoPaneController.swift; sourceTree = "<group>"; };
		BE43EACC1A61C0810056D29F /* Base */ = {isa = PBXFileReference; lastKnownFileType = file.xib; name = Base; path = Base.lproj/InfoPane.xib; sourceTree = "<group>"; };
		BE97AE601A6823D40008DDCF /* MDPSplitView.xcodeproj */ = {isa = PBXFileReference; lastKnownFileType = "wrapper.pb-project"; name = MDPSplitView.xcodeproj; path = ../MDPSplitView.xcodeproj; sourceTree = "<group>"; };
		BEB6BE741A2E0C5F001D9407 /* MDPSplitViewDemo-Bridging-Header.h */ = {isa = PBXFileReference; lastKnownFileType = sourcecode.c.h; path = "MDPSplitViewDemo-Bridging-Header.h"; sourceTree = "<group>"; };
		BECF653C1A013F1A00FB0844 /* MDPSplitViewDemo.app */ = {isa = PBXFileReference; explicitFileType = wrapper.application; includeInIndex = 0; path = MDPSplitViewDemo.app; sourceTree = BUILT_PRODUCTS_DIR; };
		BECF65401A013F1A00FB0844 /* Info.plist */ = {isa = PBXFileReference; lastKnownFileType = text.plist.xml; path = Info.plist; sourceTree = "<group>"; };
		BECF65411A013F1A00FB0844 /* AppDelegate.swift */ = {isa = PBXFileReference; lastKnownFileType = sourcecode.swift; path = AppDelegate.swift; sourceTree = "<group>"; };
		BECF65431A013F1A00FB0844 /* Images.xcassets */ = {isa = PBXFileReference; lastKnownFileType = folder.assetcatalog; path = Images.xcassets; sourceTree = "<group>"; };
		BECF65461A013F1A00FB0844 /* Base */ = {isa = PBXFileReference; lastKnownFileType = file.xib; name = Base; path = Base.lproj/MainMenu.xib; sourceTree = "<group>"; };
		BECF65641A016CCA00FB0844 /* Base */ = {isa = PBXFileReference; lastKnownFileType = file.xib; name = Base; path = Base.lproj/MainWindow.xib; sourceTree = "<group>"; };
		BECF65661A016CD700FB0844 /* MainWindowController.swift */ = {isa = PBXFileReference; fileEncoding = 4; lastKnownFileType = sourcecode.swift; path = MainWindowController.swift; sourceTree = "<group>"; };
		BECF65681A016FDE00FB0844 /* SourceListController.swift */ = {isa = PBXFileReference; fileEncoding = 4; lastKnownFileType = sourcecode.swift; path = SourceListController.swift; sourceTree = "<group>"; };
		BECF656B1A016FEA00FB0844 /* Base */ = {isa = PBXFileReference; lastKnownFileType = file.xib; name = Base; path = Base.lproj/SourceList.xib; sourceTree = "<group>"; };
/* End PBXFileReference section */

/* Begin PBXFrameworksBuildPhase section */
		BECF65391A013F1A00FB0844 /* Frameworks */ = {
			isa = PBXFrameworksBuildPhase;
			buildActionMask = 2147483647;
			files = (
				BE97AE6B1A6824010008DDCF /* MDPSplitView.framework in Frameworks */,
			);
			runOnlyForDeploymentPostprocessing = 0;
		};
/* End PBXFrameworksBuildPhase section */

/* Begin PBXGroup section */
		BE97AE661A6823EC0008DDCF /* Products */ = {
			isa = PBXGroup;
			children = (
				BE97AE6A1A6823EC0008DDCF /* MDPSplitView.framework */,
			);
			name = Products;
			sourceTree = "<group>";
		};
		BECF65331A013F1A00FB0844 = {
			isa = PBXGroup;
			children = (
				BECF653E1A013F1A00FB0844 /* MDPSplitViewDemo */,
				BECF653D1A013F1A00FB0844 /* Products */,
			);
			sourceTree = "<group>";
			usesTabs = 0;
		};
		BECF653D1A013F1A00FB0844 /* Products */ = {
			isa = PBXGroup;
			children = (
				BECF653C1A013F1A00FB0844 /* MDPSplitViewDemo.app */,
			);
			name = Products;
			sourceTree = "<group>";
		};
		BECF653E1A013F1A00FB0844 /* MDPSplitViewDemo */ = {
			isa = PBXGroup;
			children = (
				BE97AE601A6823D40008DDCF /* MDPSplitView.xcodeproj */,
				BECF65411A013F1A00FB0844 /* AppDelegate.swift */,
				BECF65431A013F1A00FB0844 /* Images.xcassets */,
				BE43EAC91A61C06F0056D29F /* InfoPaneController.swift */,
				BE43EACB1A61C0810056D29F /* InfoPane.xib */,
				BECF65451A013F1A00FB0844 /* MainMenu.xib */,
				BECF65631A016CCA00FB0844 /* MainWindow.xib */,
				BECF65661A016CD700FB0844 /* MainWindowController.swift */,
				BECF65681A016FDE00FB0844 /* SourceListController.swift */,
				BECF656A1A016FEA00FB0844 /* SourceList.xib */,
				BECF653F1A013F1A00FB0844 /* Supporting Files */,
			);
			name = MDPSplitViewDemo;
			sourceTree = "<group>";
		};
		BECF653F1A013F1A00FB0844 /* Supporting Files */ = {
			isa = PBXGroup;
			children = (
				BEB6BE741A2E0C5F001D9407 /* MDPSplitViewDemo-Bridging-Header.h */,
				BECF65401A013F1A00FB0844 /* Info.plist */,
			);
			name = "Supporting Files";
			sourceTree = "<group>";
		};
/* End PBXGroup section */

/* Begin PBXNativeTarget section */
		BECF653B1A013F1A00FB0844 /* MDPSplitViewDemo */ = {
			isa = PBXNativeTarget;
			buildConfigurationList = BECF65561A013F1A00FB0844 /* Build configuration list for PBXNativeTarget "MDPSplitViewDemo" */;
			buildPhases = (
				BECF65381A013F1A00FB0844 /* Sources */,
				BECF65391A013F1A00FB0844 /* Frameworks */,
				BE97AE6C1A6824060008DDCF /* Copy Frameworks */,
				BECF653A1A013F1A00FB0844 /* Resources */,
			);
			buildRules = (
			);
			dependencies = (
			);
			name = MDPSplitViewDemo;
			productName = CleanRoom;
			productReference = BECF653C1A013F1A00FB0844 /* MDPSplitViewDemo.app */;
			productType = "com.apple.product-type.application";
		};
/* End PBXNativeTarget section */

/* Begin PBXProject section */
		BECF65341A013F1A00FB0844 /* Project object */ = {
			isa = PBXProject;
			attributes = {
				LastSwiftUpdateCheck = 0730;
				LastUpgradeCheck = 0610;
				ORGANIZATIONNAME = "Matt Diephouse";
				TargetAttributes = {
					BECF653B1A013F1A00FB0844 = {
						CreatedOnToolsVersion = 6.1;
						LastSwiftMigration = 0830;
					};
				};
			};
			buildConfigurationList = BECF65371A013F1A00FB0844 /* Build configuration list for PBXProject "MDPSplitViewDemo" */;
			compatibilityVersion = "Xcode 3.2";
			developmentRegion = English;
			hasScannedForEncodings = 0;
			knownRegions = (
				en,
				Base,
			);
			mainGroup = BECF65331A013F1A00FB0844;
			productRefGroup = BECF653D1A013F1A00FB0844 /* Products */;
			projectDirPath = "";
			projectReferences = (
				{
					ProductGroup = BE97AE661A6823EC0008DDCF /* Products */;
					ProjectRef = BE97AE601A6823D40008DDCF /* MDPSplitView.xcodeproj */;
				},
			);
			projectRoot = "";
			targets = (
				BECF653B1A013F1A00FB0844 /* MDPSplitViewDemo */,
			);
		};
/* End PBXProject section */

/* Begin PBXReferenceProxy section */
		BE97AE6A1A6823EC0008DDCF /* MDPSplitView.framework */ = {
			isa = PBXReferenceProxy;
			fileType = wrapper.framework;
			path = MDPSplitView.framework;
			remoteRef = BE97AE691A6823EC0008DDCF /* PBXContainerItemProxy */;
			sourceTree = BUILT_PRODUCTS_DIR;
		};
/* End PBXReferenceProxy section */

/* Begin PBXResourcesBuildPhase section */
		BECF653A1A013F1A00FB0844 /* Resources */ = {
			isa = PBXResourcesBuildPhase;
			buildActionMask = 2147483647;
			files = (
				BECF656C1A016FEA00FB0844 /* SourceList.xib in Resources */,
				BECF65441A013F1A00FB0844 /* Images.xcassets in Resources */,
				BECF65471A013F1A00FB0844 /* MainMenu.xib in Resources */,
				BE43EACD1A61C0810056D29F /* InfoPane.xib in Resources */,
				BECF65651A016CCA00FB0844 /* MainWindow.xib in Resources */,
			);
			runOnlyForDeploymentPostprocessing = 0;
		};
/* End PBXResourcesBuildPhase section */

/* Begin PBXSourcesBuildPhase section */
		BECF65381A013F1A00FB0844 /* Sources */ = {
			isa = PBXSourcesBuildPhase;
			buildActionMask = 2147483647;
			files = (
				BECF65671A016CD700FB0844 /* MainWindowController.swift in Sources */,
				BE43EACA1A61C06F0056D29F /* InfoPaneController.swift in Sources */,
				BECF65691A016FDE00FB0844 /* SourceListController.swift in Sources */,
				BECF65421A013F1A00FB0844 /* AppDelegate.swift in Sources */,
			);
			runOnlyForDeploymentPostprocessing = 0;
		};
/* End PBXSourcesBuildPhase section */

/* Begin PBXVariantGroup section */
		BE43EACB1A61C0810056D29F /* InfoPane.xib */ = {
			isa = PBXVariantGroup;
			children = (
				BE43EACC1A61C0810056D29F /* Base */,
			);
			name = InfoPane.xib;
			sourceTree = "<group>";
		};
		BECF65451A013F1A00FB0844 /* MainMenu.xib */ = {
			isa = PBXVariantGroup;
			children = (
				BECF65461A013F1A00FB0844 /* Base */,
			);
			name = MainMenu.xib;
			sourceTree = "<group>";
		};
		BECF65631A016CCA00FB0844 /* MainWindow.xib */ = {
			isa = PBXVariantGroup;
			children = (
				BECF65641A016CCA00FB0844 /* Base */,
			);
			name = MainWindow.xib;
			sourceTree = "<group>";
		};
		BECF656A1A016FEA00FB0844 /* SourceList.xib */ = {
			isa = PBXVariantGroup;
			children = (
				BECF656B1A016FEA00FB0844 /* Base */,
			);
			name = SourceList.xib;
			sourceTree = "<group>";
		};
/* End PBXVariantGroup section */

/* Begin XCBuildConfiguration section */
		BECF65541A013F1A00FB0844 /* Debug */ = {
			isa = XCBuildConfiguration;
			buildSettings = {
				ALWAYS_SEARCH_USER_PATHS = NO;
				CLANG_CXX_LANGUAGE_STANDARD = "gnu++0x";
				CLANG_CXX_LIBRARY = "libc++";
				CLANG_ENABLE_MODULES = YES;
				CLANG_ENABLE_OBJC_ARC = YES;
				CLANG_WARN_BOOL_CONVERSION = YES;
				CLANG_WARN_CONSTANT_CONVERSION = YES;
				CLANG_WARN_DIRECT_OBJC_ISA_USAGE = YES_ERROR;
				CLANG_WARN_EMPTY_BODY = YES;
				CLANG_WARN_ENUM_CONVERSION = YES;
				CLANG_WARN_INT_CONVERSION = YES;
				CLANG_WARN_OBJC_ROOT_CLASS = YES_ERROR;
				CLANG_WARN_UNREACHABLE_CODE = YES;
				CLANG_WARN__DUPLICATE_METHOD_MATCH = YES;
				CODE_SIGN_IDENTITY = "-";
				COPY_PHASE_STRIP = NO;
				ENABLE_STRICT_OBJC_MSGSEND = YES;
				GCC_C_LANGUAGE_STANDARD = gnu99;
				GCC_DYNAMIC_NO_PIC = NO;
				GCC_OPTIMIZATION_LEVEL = 0;
				GCC_PREPROCESSOR_DEFINITIONS = (
					"DEBUG=1",
					"$(inherited)",
				);
				GCC_SYMBOLS_PRIVATE_EXTERN = NO;
				GCC_WARN_64_TO_32_BIT_CONVERSION = YES;
				GCC_WARN_ABOUT_RETURN_TYPE = YES_ERROR;
				GCC_WARN_UNDECLARED_SELECTOR = YES;
				GCC_WARN_UNINITIALIZED_AUTOS = YES_AGGRESSIVE;
				GCC_WARN_UNUSED_FUNCTION = YES;
				GCC_WARN_UNUSED_VARIABLE = YES;
				MACOSX_DEPLOYMENT_TARGET = 10.10;
				MTL_ENABLE_DEBUG_INFO = YES;
				ONLY_ACTIVE_ARCH = YES;
				SDKROOT = macosx;
				SWIFT_OPTIMIZATION_LEVEL = "-Onone";
				SWIFT_VERSION = 3.0;
			};
			name = Debug;
		};
		BECF65551A013F1A00FB0844 /* Release */ = {
			isa = XCBuildConfiguration;
			buildSettings = {
				ALWAYS_SEARCH_USER_PATHS = NO;
				CLANG_CXX_LANGUAGE_STANDARD = "gnu++0x";
				CLANG_CXX_LIBRARY = "libc++";
				CLANG_ENABLE_MODULES = YES;
				CLANG_ENABLE_OBJC_ARC = YES;
				CLANG_WARN_BOOL_CONVERSION = YES;
				CLANG_WARN_CONSTANT_CONVERSION = YES;
				CLANG_WARN_DIRECT_OBJC_ISA_USAGE = YES_ERROR;
				CLANG_WARN_EMPTY_BODY = YES;
				CLANG_WARN_ENUM_CONVERSION = YES;
				CLANG_WARN_INT_CONVERSION = YES;
				CLANG_WARN_OBJC_ROOT_CLASS = YES_ERROR;
				CLANG_WARN_UNREACHABLE_CODE = YES;
				CLANG_WARN__DUPLICATE_METHOD_MATCH = YES;
				CODE_SIGN_IDENTITY = "-";
				COPY_PHASE_STRIP = YES;
				DEBUG_INFORMATION_FORMAT = "dwarf-with-dsym";
				ENABLE_NS_ASSERTIONS = NO;
				ENABLE_STRICT_OBJC_MSGSEND = YES;
				GCC_C_LANGUAGE_STANDARD = gnu99;
				GCC_WARN_64_TO_32_BIT_CONVERSION = YES;
				GCC_WARN_ABOUT_RETURN_TYPE = YES_ERROR;
				GCC_WARN_UNDECLARED_SELECTOR = YES;
				GCC_WARN_UNINITIALIZED_AUTOS = YES_AGGRESSIVE;
				GCC_WARN_UNUSED_FUNCTION = YES;
				GCC_WARN_UNUSED_VARIABLE = YES;
				MACOSX_DEPLOYMENT_TARGET = 10.10;
				MTL_ENABLE_DEBUG_INFO = NO;
				SDKROOT = macosx;
				SWIFT_VERSION = 3.0;
			};
			name = Release;
		};
		BECF65571A013F1A00FB0844 /* Debug */ = {
			isa = XCBuildConfiguration;
			buildSettings = {
				ASSETCATALOG_COMPILER_APPICON_NAME = AppIcon;
				CLANG_ENABLE_MODULES = YES;
				COMBINE_HIDPI_IMAGES = YES;
				INFOPLIST_FILE = Info.plist;
				LD_RUNPATH_SEARCH_PATHS = "$(inherited) @executable_path/../Frameworks";
				MACOSX_DEPLOYMENT_TARGET = 10.9;
				PRODUCT_NAME = MDPSplitViewDemo;
				SWIFT_OBJC_BRIDGING_HEADER = "MDPSplitViewDemo-Bridging-Header.h";
				SWIFT_OPTIMIZATION_LEVEL = "-Onone";
			};
			name = Debug;
		};
		BECF65581A013F1A00FB0844 /* Release */ = {
			isa = XCBuildConfiguration;
			buildSettings = {
				ASSETCATALOG_COMPILER_APPICON_NAME = AppIcon;
				CLANG_ENABLE_MODULES = YES;
				COMBINE_HIDPI_IMAGES = YES;
				INFOPLIST_FILE = Info.plist;
				LD_RUNPATH_SEARCH_PATHS = "$(inherited) @executable_path/../Frameworks";
				MACOSX_DEPLOYMENT_TARGET = 10.9;
				PRODUCT_NAME = MDPSplitViewDemo;
				SWIFT_OBJC_BRIDGING_HEADER = "MDPSplitViewDemo-Bridging-Header.h";
			};
			name = Release;
		};
/* End XCBuildConfiguration section */

/* Begin XCConfigurationList section */
		BECF65371A013F1A00FB0844 /* Build configuration list for PBXProject "MDPSplitViewDemo" */ = {
			isa = XCConfigurationList;
			buildConfigurations = (
				BECF65541A013F1A00FB0844 /* Debug */,
				BECF65551A013F1A00FB0844 /* Release */,
			);
			defaultConfigurationIsVisible = 0;
			defaultConfigurationName = Release;
		};
		BECF65561A013F1A00FB0844 /* Build configuration list for PBXNativeTarget "MDPSplitViewDemo" */ = {
			isa = XCConfigurationList;
			buildConfigurations = (
				BECF65571A013F1A00FB0844 /* Debug */,
				BECF65581A013F1A00FB0844 /* Release */,
			);
			defaultConfigurationIsVisible = 0;
			defaultConfigurationName = Release;
		};
/* End XCConfigurationList section */
	};
	rootObject = BECF65341A013F1A00FB0844 /* Project object */;
}
